// !$*UTF8*$!
{
	archiveVersion = 1;
	classes = {
	};
	objectVersion = 48;
	objects = {

/* Begin PBXBuildFile section */
		1A2CA15D2225BAD9008BCE2F /* AppDelegate.swift in Sources */ = {isa = PBXBuildFile; fileRef = 1A2CA15C2225BAD9008BCE2F /* AppDelegate.swift */; };
		1A2CA15F2225BAD9008BCE2F /* ViewController.swift in Sources */ = {isa = PBXBuildFile; fileRef = 1A2CA15E2225BAD9008BCE2F /* ViewController.swift */; };
		1A2CA1622225BAD9008BCE2F /* Main.storyboard in Resources */ = {isa = PBXBuildFile; fileRef = 1A2CA1602225BAD9008BCE2F /* Main.storyboard */; };
		1A2CA1642225BAD9008BCE2F /* Assets.xcassets in Resources */ = {isa = PBXBuildFile; fileRef = 1A2CA1632225BAD9008BCE2F /* Assets.xcassets */; };
		1A2CA1672225BAD9008BCE2F /* LaunchScreen.storyboard in Resources */ = {isa = PBXBuildFile; fileRef = 1A2CA1652225BAD9008BCE2F /* LaunchScreen.storyboard */; };
		1A2CA1722225BAD9008BCE2F /* Practica_1_View_controllersTests.swift in Sources */ = {isa = PBXBuildFile; fileRef = 1A2CA1712225BAD9008BCE2F /* Practica_1_View_controllersTests.swift */; };
		1A2CA17D2225BAD9008BCE2F /* Practica_1_View_controllersUITests.swift in Sources */ = {isa = PBXBuildFile; fileRef = 1A2CA17C2225BAD9008BCE2F /* Practica_1_View_controllersUITests.swift */; };
/* End PBXBuildFile section */

/* Begin PBXContainerItemProxy section */
		1A2CA16E2225BAD9008BCE2F /* PBXContainerItemProxy */ = {
			isa = PBXContainerItemProxy;
			containerPortal = 1A2CA1512225BAD9008BCE2F /* Project object */;
			proxyType = 1;
			remoteGlobalIDString = 1A2CA1582225BAD9008BCE2F;
			remoteInfo = Practica.1.View.controllers;
		};
		1A2CA1792225BAD9008BCE2F /* PBXContainerItemProxy */ = {
			isa = PBXContainerItemProxy;
			containerPortal = 1A2CA1512225BAD9008BCE2F /* Project object */;
			proxyType = 1;
			remoteGlobalIDString = 1A2CA1582225BAD9008BCE2F;
			remoteInfo = Practica.1.View.controllers;
		};
/* End PBXContainerItemProxy section */

/* Begin PBXFileReference section */
		1A2CA1592225BAD9008BCE2F /* Practica.1.View.controllers.app */ = {isa = PBXFileReference; explicitFileType = wrapper.application; includeInIndex = 0; path = Practica.1.View.controllers.app; sourceTree = BUILT_PRODUCTS_DIR; };
		1A2CA15C2225BAD9008BCE2F /* AppDelegate.swift */ = {isa = PBXFileReference; lastKnownFileType = sourcecode.swift; path = AppDelegate.swift; sourceTree = "<group>"; };
		1A2CA15E2225BAD9008BCE2F /* ViewController.swift */ = {isa = PBXFileReference; lastKnownFileType = sourcecode.swift; path = ViewController.swift; sourceTree = "<group>"; };
		1A2CA1612225BAD9008BCE2F /* Base */ = {isa = PBXFileReference; lastKnownFileType = file.storyboard; name = Base; path = Base.lproj/Main.storyboard; sourceTree = "<group>"; };
		1A2CA1632225BAD9008BCE2F /* Assets.xcassets */ = {isa = PBXFileReference; lastKnownFileType = folder.assetcatalog; path = Assets.xcassets; sourceTree = "<group>"; };
		1A2CA1662225BAD9008BCE2F /* Base */ = {isa = PBXFileReference; lastKnownFileType = file.storyboard; name = Base; path = Base.lproj/LaunchScreen.storyboard; sourceTree = "<group>"; };
		1A2CA1682225BAD9008BCE2F /* Info.plist */ = {isa = PBXFileReference; lastKnownFileType = text.plist.xml; path = Info.plist; sourceTree = "<group>"; };
		1A2CA16D2225BAD9008BCE2F /* Practica.1.View.controllersTests.xctest */ = {isa = PBXFileReference; explicitFileType = wrapper.cfbundle; includeInIndex = 0; path = Practica.1.View.controllersTests.xctest; sourceTree = BUILT_PRODUCTS_DIR; };
		1A2CA1712225BAD9008BCE2F /* Practica_1_View_controllersTests.swift */ = {isa = PBXFileReference; lastKnownFileType = sourcecode.swift; path = Practica_1_View_controllersTests.swift; sourceTree = "<group>"; };
		1A2CA1732225BAD9008BCE2F /* Info.plist */ = {isa = PBXFileReference; lastKnownFileType = text.plist.xml; path = Info.plist; sourceTree = "<group>"; };
		1A2CA1782225BAD9008BCE2F /* Practica.1.View.controllersUITests.xctest */ = {isa = PBXFileReference; explicitFileType = wrapper.cfbundle; includeInIndex = 0; path = Practica.1.View.controllersUITests.xctest; sourceTree = BUILT_PRODUCTS_DIR; };
		1A2CA17C2225BAD9008BCE2F /* Practica_1_View_controllersUITests.swift */ = {isa = PBXFileReference; lastKnownFileType = sourcecode.swift; path = Practica_1_View_controllersUITests.swift; sourceTree = "<group>"; };
		1A2CA17E2225BAD9008BCE2F /* Info.plist */ = {isa = PBXFileReference; lastKnownFileType = text.plist.xml; path = Info.plist; sourceTree = "<group>"; };
/* End PBXFileReference section */

/* Begin PBXFrameworksBuildPhase section */
		1A2CA1562225BAD9008BCE2F /* Frameworks */ = {
			isa = PBXFrameworksBuildPhase;
			buildActionMask = 2147483647;
			files = (
			);
			runOnlyForDeploymentPostprocessing = 0;
		};
		1A2CA16A2225BAD9008BCE2F /* Frameworks */ = {
			isa = PBXFrameworksBuildPhase;
			buildActionMask = 2147483647;
			files = (
			);
			runOnlyForDeploymentPostprocessing = 0;
		};
		1A2CA1752225BAD9008BCE2F /* Frameworks */ = {
			isa = PBXFrameworksBuildPhase;
			buildActionMask = 2147483647;
			files = (
			);
			runOnlyForDeploymentPostprocessing = 0;
		};
/* End PBXFrameworksBuildPhase section */

/* Begin PBXGroup section */
		1A2CA1502225BAD9008BCE2F = {
			isa = PBXGroup;
			children = (
				1A2CA15B2225BAD9008BCE2F /* Practica.1.View.controllers */,
				1A2CA1702225BAD9008BCE2F /* Practica.1.View.controllersTests */,
				1A2CA17B2225BAD9008BCE2F /* Practica.1.View.controllersUITests */,
				1A2CA15A2225BAD9008BCE2F /* Products */,
			);
			sourceTree = "<group>";
		};
		1A2CA15A2225BAD9008BCE2F /* Products */ = {
			isa = PBXGroup;
			children = (
				1A2CA1592225BAD9008BCE2F /* Practica.1.View.controllers.app */,
				1A2CA16D2225BAD9008BCE2F /* Practica.1.View.controllersTests.xctest */,
				1A2CA1782225BAD9008BCE2F /* Practica.1.View.controllersUITests.xctest */,
			);
			name = Products;
			sourceTree = "<group>";
		};
		1A2CA15B2225BAD9008BCE2F /* Practica.1.View.controllers */ = {
			isa = PBXGroup;
			children = (
				1A2CA15C2225BAD9008BCE2F /* AppDelegate.swift */,
				1A2CA15E2225BAD9008BCE2F /* ViewController.swift */,
				1A2CA1602225BAD9008BCE2F /* Main.storyboard */,
				1A2CA1632225BAD9008BCE2F /* Assets.xcassets */,
				1A2CA1652225BAD9008BCE2F /* LaunchScreen.storyboard */,
				1A2CA1682225BAD9008BCE2F /* Info.plist */,
			);
			path = Practica.1.View.controllers;
			sourceTree = "<group>";
		};
		1A2CA1702225BAD9008BCE2F /* Practica.1.View.controllersTests */ = {
			isa = PBXGroup;
			children = (
				1A2CA1712225BAD9008BCE2F /* Practica_1_View_controllersTests.swift */,
				1A2CA1732225BAD9008BCE2F /* Info.plist */,
			);
			path = Practica.1.View.controllersTests;
			sourceTree = "<group>";
		};
		1A2CA17B2225BAD9008BCE2F /* Practica.1.View.controllersUITests */ = {
			isa = PBXGroup;
			children = (
				1A2CA17C2225BAD9008BCE2F /* Practica_1_View_controllersUITests.swift */,
				1A2CA17E2225BAD9008BCE2F /* Info.plist */,
			);
			path = Practica.1.View.controllersUITests;
			sourceTree = "<group>";
		};
/* End PBXGroup section */

/* Begin PBXNativeTarget section */
		1A2CA1582225BAD9008BCE2F /* Practica.1.View.controllers */ = {
			isa = PBXNativeTarget;
			buildConfigurationList = 1A2CA1812225BAD9008BCE2F /* Build configuration list for PBXNativeTarget "Practica.1.View.controllers" */;
			buildPhases = (
				1A2CA1552225BAD9008BCE2F /* Sources */,
				1A2CA1562225BAD9008BCE2F /* Frameworks */,
				1A2CA1572225BAD9008BCE2F /* Resources */,
			);
			buildRules = (
			);
			dependencies = (
			);
			name = Practica.1.View.controllers;
			productName = Practica.1.View.controllers;
			productReference = 1A2CA1592225BAD9008BCE2F /* Practica.1.View.controllers.app */;
			productType = "com.apple.product-type.application";
		};
		1A2CA16C2225BAD9008BCE2F /* Practica.1.View.controllersTests */ = {
			isa = PBXNativeTarget;
			buildConfigurationList = 1A2CA1842225BAD9008BCE2F /* Build configuration list for PBXNativeTarget "Practica.1.View.controllersTests" */;
			buildPhases = (
				1A2CA1692225BAD9008BCE2F /* Sources */,
				1A2CA16A2225BAD9008BCE2F /* Frameworks */,
				1A2CA16B2225BAD9008BCE2F /* Resources */,
			);
			buildRules = (
			);
			dependencies = (
				1A2CA16F2225BAD9008BCE2F /* PBXTargetDependency */,
			);
			name = Practica.1.View.controllersTests;
			productName = Practica.1.View.controllersTests;
			productReference = 1A2CA16D2225BAD9008BCE2F /* Practica.1.View.controllersTests.xctest */;
			productType = "com.apple.product-type.bundle.unit-test";
		};
		1A2CA1772225BAD9008BCE2F /* Practica.1.View.controllersUITests */ = {
			isa = PBXNativeTarget;
			buildConfigurationList = 1A2CA1872225BAD9008BCE2F /* Build configuration list for PBXNativeTarget "Practica.1.View.controllersUITests" */;
			buildPhases = (
				1A2CA1742225BAD9008BCE2F /* Sources */,
				1A2CA1752225BAD9008BCE2F /* Frameworks */,
				1A2CA1762225BAD9008BCE2F /* Resources */,
			);
			buildRules = (
			);
			dependencies = (
				1A2CA17A2225BAD9008BCE2F /* PBXTargetDependency */,
			);
			name = Practica.1.View.controllersUITests;
			productName = Practica.1.View.controllersUITests;
			productReference = 1A2CA1782225BAD9008BCE2F /* Practica.1.View.controllersUITests.xctest */;
			productType = "com.apple.product-type.bundle.ui-testing";
		};
/* End PBXNativeTarget section */

/* Begin PBXProject section */
		1A2CA1512225BAD9008BCE2F /* Project object */ = {
			isa = PBXProject;
			attributes = {
				LastSwiftUpdateCheck = 0920;
				LastUpgradeCheck = 0920;
				ORGANIZATIONNAME = "Universidad Politecnica de gómez Palacio";
				TargetAttributes = {
					1A2CA1582225BAD9008BCE2F = {
						CreatedOnToolsVersion = 9.2;
						ProvisioningStyle = Automatic;
					};
					1A2CA16C2225BAD9008BCE2F = {
						CreatedOnToolsVersion = 9.2;
						ProvisioningStyle = Automatic;
						TestTargetID = 1A2CA1582225BAD9008BCE2F;
					};
					1A2CA1772225BAD9008BCE2F = {
						CreatedOnToolsVersion = 9.2;
						ProvisioningStyle = Automatic;
						TestTargetID = 1A2CA1582225BAD9008BCE2F;
					};
				};
			};
			buildConfigurationList = 1A2CA1542225BAD9008BCE2F /* Build configuration list for PBXProject "Practica.1.View.controllers" */;
			compatibilityVersion = "Xcode 8.0";
			developmentRegion = en;
			hasScannedForEncodings = 0;
			knownRegions = (
				en,
				Base,
			);
			mainGroup = 1A2CA1502225BAD9008BCE2F;
			productRefGroup = 1A2CA15A2225BAD9008BCE2F /* Products */;
			projectDirPath = "";
			projectRoot = "";
			targets = (
				1A2CA1582225BAD9008BCE2F /* Practica.1.View.controllers */,
				1A2CA16C2225BAD9008BCE2F /* Practica.1.View.controllersTests */,
				1A2CA1772225BAD9008BCE2F /* Practica.1.View.controllersUITests */,
			);
		};
/* End PBXProject section */

/* Begin PBXResourcesBuildPhase section */
		1A2CA1572225BAD9008BCE2F /* Resources */ = {
			isa = PBXResourcesBuildPhase;
			buildActionMask = 2147483647;
			files = (
				1A2CA1672225BAD9008BCE2F /* LaunchScreen.storyboard in Resources */,
				1A2CA1642225BAD9008BCE2F /* Assets.xcassets in Resources */,
				1A2CA1622225BAD9008BCE2F /* Main.storyboard in Resources */,
			);
			runOnlyForDeploymentPostprocessing = 0;
		};
		1A2CA16B2225BAD9008BCE2F /* Resources */ = {
			isa = PBXResourcesBuildPhase;
			buildActionMask = 2147483647;
			files = (
			);
			runOnlyForDeploymentPostprocessing = 0;
		};
		1A2CA1762225BAD9008BCE2F /* Resources */ = {
			isa = PBXResourcesBuildPhase;
			buildActionMask = 2147483647;
			files = (
			);
			runOnlyForDeploymentPostprocessing = 0;
		};
/* End PBXResourcesBuildPhase section */

/* Begin PBXSourcesBuildPhase section */
		1A2CA1552225BAD9008BCE2F /* Sources */ = {
			isa = PBXSourcesBuildPhase;
			buildActionMask = 2147483647;
			files = (
				1A2CA15F2225BAD9008BCE2F /* ViewController.swift in Sources */,
				1A2CA15D2225BAD9008BCE2F /* AppDelegate.swift in Sources */,
			);
			runOnlyForDeploymentPostprocessing = 0;
		};
		1A2CA1692225BAD9008BCE2F /* Sources */ = {
			isa = PBXSourcesBuildPhase;
			buildActionMask = 2147483647;
			files = (
				1A2CA1722225BAD9008BCE2F /* Practica_1_View_controllersTests.swift in Sources */,
			);
			runOnlyForDeploymentPostprocessing = 0;
		};
		1A2CA1742225BAD9008BCE2F /* Sources */ = {
			isa = PBXSourcesBuildPhase;
			buildActionMask = 2147483647;
			files = (
				1A2CA17D2225BAD9008BCE2F /* Practica_1_View_controllersUITests.swift in Sources */,
			);
			runOnlyForDeploymentPostprocessing = 0;
		};
/* End PBXSourcesBuildPhase section */

/* Begin PBXTargetDependency section */
		1A2CA16F2225BAD9008BCE2F /* PBXTargetDependency */ = {
			isa = PBXTargetDependency;
			target = 1A2CA1582225BAD9008BCE2F /* Practica.1.View.controllers */;
			targetProxy = 1A2CA16E2225BAD9008BCE2F /* PBXContainerItemProxy */;
		};
		1A2CA17A2225BAD9008BCE2F /* PBXTargetDependency */ = {
			isa = PBXTargetDependency;
			target = 1A2CA1582225BAD9008BCE2F /* Practica.1.View.controllers */;
			targetProxy = 1A2CA1792225BAD9008BCE2F /* PBXContainerItemProxy */;
		};
/* End PBXTargetDependency section */

/* Begin PBXVariantGroup section */
		1A2CA1602225BAD9008BCE2F /* Main.storyboard */ = {
			isa = PBXVariantGroup;
			children = (
				1A2CA1612225BAD9008BCE2F /* Base */,
			);
			name = Main.storyboard;
			sourceTree = "<group>";
		};
		1A2CA1652225BAD9008BCE2F /* LaunchScreen.storyboard */ = {
			isa = PBXVariantGroup;
			children = (
				1A2CA1662225BAD9008BCE2F /* Base */,
			);
			name = LaunchScreen.storyboard;
			sourceTree = "<group>";
		};
/* End PBXVariantGroup section */

/* Begin XCBuildConfiguration section */
		1A2CA17F2225BAD9008BCE2F /* Debug */ = {
			isa = XCBuildConfiguration;
			buildSettings = {
				ALWAYS_SEARCH_USER_PATHS = NO;
				CLANG_ANALYZER_NONNULL = YES;
				CLANG_ANALYZER_NUMBER_OBJECT_CONVERSION = YES_AGGRESSIVE;
				CLANG_CXX_LANGUAGE_STANDARD = "gnu++14";
				CLANG_CXX_LIBRARY = "libc++";
				CLANG_ENABLE_MODULES = YES;
				CLANG_ENABLE_OBJC_ARC = YES;
				CLANG_WARN_BLOCK_CAPTURE_AUTORELEASING = YES;
				CLANG_WARN_BOOL_CONVERSION = YES;
				CLANG_WARN_COMMA = YES;
				CLANG_WARN_CONSTANT_CONVERSION = YES;
				CLANG_WARN_DIRECT_OBJC_ISA_USAGE = YES_ERROR;
				CLANG_WARN_DOCUMENTATION_COMMENTS = YES;
				CLANG_WARN_EMPTY_BODY = YES;
				CLANG_WARN_ENUM_CONVERSION = YES;
				CLANG_WARN_INFINITE_RECURSION = YES;
				CLANG_WARN_INT_CONVERSION = YES;
				CLANG_WARN_NON_LITERAL_NULL_CONVERSION = YES;
				CLANG_WARN_OBJC_LITERAL_CONVERSION = YES;
				CLANG_WARN_OBJC_ROOT_CLASS = YES_ERROR;
				CLANG_WARN_RANGE_LOOP_ANALYSIS = YES;
				CLANG_WARN_STRICT_PROTOTYPES = YES;
				CLANG_WARN_SUSPICIOUS_MOVE = YES;
				CLANG_WARN_UNGUARDED_AVAILABILITY = YES_AGGRESSIVE;
				CLANG_WARN_UNREACHABLE_CODE = YES;
				CLANG_WARN__DUPLICATE_METHOD_MATCH = YES;
				CODE_SIGN_IDENTITY = "iPhone Developer";
				COPY_PHASE_STRIP = NO;
				DEBUG_INFORMATION_FORMAT = dwarf;
				ENABLE_STRICT_OBJC_MSGSEND = YES;
				ENABLE_TESTABILITY = YES;
				GCC_C_LANGUAGE_STANDARD = gnu11;
				GCC_DYNAMIC_NO_PIC = NO;
				GCC_NO_COMMON_BLOCKS = YES;
				GCC_OPTIMIZATION_LEVEL = 0;
				GCC_PREPROCESSOR_DEFINITIONS = (
					"DEBUG=1",
					"$(inherited)",
				);
				GCC_WARN_64_TO_32_BIT_CONVERSION = YES;
				GCC_WARN_ABOUT_RETURN_TYPE = YES_ERROR;
				GCC_WARN_UNDECLARED_SELECTOR = YES;
				GCC_WARN_UNINITIALIZED_AUTOS = YES_AGGRESSIVE;
				GCC_WARN_UNUSED_FUNCTION = YES;
				GCC_WARN_UNUSED_VARIABLE = YES;
				IPHONEOS_DEPLOYMENT_TARGET = 11.2;
				MTL_ENABLE_DEBUG_INFO = YES;
				ONLY_ACTIVE_ARCH = YES;
				SDKROOT = iphoneos;
				SWIFT_ACTIVE_COMPILATION_CONDITIONS = DEBUG;
				SWIFT_OPTIMIZATION_LEVEL = "-Onone";
			};
			name = Debug;
		};
		1A2CA1802225BAD9008BCE2F /* Release */ = {
			isa = XCBuildConfiguration;
			buildSettings = {
				ALWAYS_SEARCH_USER_PATHS = NO;
				CLANG_ANALYZER_NONNULL = YES;
				CLANG_ANALYZER_NUMBER_OBJECT_CONVERSION = YES_AGGRESSIVE;
				CLANG_CXX_LANGUAGE_STANDARD = "gnu++14";
				CLANG_CXX_LIBRARY = "libc++";
				CLANG_ENABLE_MODULES = YES;
				CLANG_ENABLE_OBJC_ARC = YES;
				CLANG_WARN_BLOCK_CAPTURE_AUTORELEASING = YES;
				CLANG_WARN_BOOL_CONVERSION = YES;
				CLANG_WARN_COMMA = YES;
				CLANG_WARN_CONSTANT_CONVERSION = YES;
				CLANG_WARN_DIRECT_OBJC_ISA_USAGE = YES_ERROR;
				CLANG_WARN_DOCUMENTATION_COMMENTS = YES;
				CLANG_WARN_EMPTY_BODY = YES;
				CLANG_WARN_ENUM_CONVERSION = YES;
				CLANG_WARN_INFINITE_RECURSION = YES;
				CLANG_WARN_INT_CONVERSION = YES;
				CLANG_WARN_NON_LITERAL_NULL_CONVERSION = YES;
				CLANG_WARN_OBJC_LITERAL_CONVERSION = YES;
				CLANG_WARN_OBJC_ROOT_CLASS = YES_ERROR;
				CLANG_WARN_RANGE_LOOP_ANALYSIS = YES;
				CLANG_WARN_STRICT_PROTOTYPES = YES;
				CLANG_WARN_SUSPICIOUS_MOVE = YES;
				CLANG_WARN_UNGUARDED_AVAILABILITY = YES_AGGRESSIVE;
				CLANG_WARN_UNREACHABLE_CODE = YES;
				CLANG_WARN__DUPLICATE_METHOD_MATCH = YES;
				CODE_SIGN_IDENTITY = "iPhone Developer";
				COPY_PHASE_STRIP = NO;
				DEBUG_INFORMATION_FORMAT = "dwarf-with-dsym";
				ENABLE_NS_ASSERTIONS = NO;
				ENABLE_STRICT_OBJC_MSGSEND = YES;
				GCC_C_LANGUAGE_STANDARD = gnu11;
				GCC_NO_COMMON_BLOCKS = YES;
				GCC_WARN_64_TO_32_BIT_CONVERSION = YES;
				GCC_WARN_ABOUT_RETURN_TYPE = YES_ERROR;
				GCC_WARN_UNDECLARED_SELECTOR = YES;
				GCC_WARN_UNINITIALIZED_AUTOS = YES_AGGRESSIVE;
				GCC_WARN_UNUSED_FUNCTION = YES;
				GCC_WARN_UNUSED_VARIABLE = YES;
				IPHONEOS_DEPLOYMENT_TARGET = 11.2;
				MTL_ENABLE_DEBUG_INFO = NO;
				SDKROOT = iphoneos;
				SWIFT_OPTIMIZATION_LEVEL = "-Owholemodule";
				VALIDATE_PRODUCT = YES;
			};
			name = Release;
		};
		1A2CA1822225BAD9008BCE2F /* Debug */ = {
			isa = XCBuildConfiguration;
			buildSettings = {
				ASSETCATALOG_COMPILER_APPICON_NAME = AppIcon;
				CODE_SIGN_STYLE = Automatic;
				INFOPLIST_FILE = Practica.1.View.controllers/Info.plist;
				LD_RUNPATH_SEARCH_PATHS = "$(inherited) @executable_path/Frameworks";
				PRODUCT_BUNDLE_IDENTIFIER = "ochoa.Practica-1-View-controllers";
				PRODUCT_NAME = "$(TARGET_NAME)";
				SWIFT_VERSION = 4.0;
				TARGETED_DEVICE_FAMILY = "1,2";
			};
			name = Debug;
		};
		1A2CA1832225BAD9008BCE2F /* Release */ = {
			isa = XCBuildConfiguration;
			buildSettings = {
				ASSETCATALOG_COMPILER_APPICON_NAME = AppIcon;
				CODE_SIGN_STYLE = Automatic;
				INFOPLIST_FILE = Practica.1.View.controllers/Info.plist;
				LD_RUNPATH_SEARCH_PATHS = "$(inherited) @executable_path/Frameworks";
				PRODUCT_BUNDLE_IDENTIFIER = "ochoa.Practica-1-View-controllers";
				PRODUCT_NAME = "$(TARGET_NAME)";
				SWIFT_VERSION = 4.0;
				TARGETED_DEVICE_FAMILY = "1,2";
			};
			name = Release;
		};
		1A2CA1852225BAD9008BCE2F /* Debug */ = {
			isa = XCBuildConfiguration;
			buildSettings = {
				ALWAYS_EMBED_SWIFT_STANDARD_LIBRARIES = YES;
				BUNDLE_LOADER = "$(TEST_HOST)";
				CODE_SIGN_STYLE = Automatic;
				INFOPLIST_FILE = Practica.1.View.controllersTests/Info.plist;
				LD_RUNPATH_SEARCH_PATHS = "$(inherited) @executable_path/Frameworks @loader_path/Frameworks";
				PRODUCT_BUNDLE_IDENTIFIER = "ochoa.Practica-1-View-controllersTests";
				PRODUCT_NAME = "$(TARGET_NAME)";
				SWIFT_VERSION = 4.0;
				TARGETED_DEVICE_FAMILY = "1,2";
				TEST_HOST = "$(BUILT_PRODUCTS_DIR)/Practica.1.View.controllers.app/Practica.1.View.controllers";
			};
			name = Debug;
		};
		1A2CA1862225BAD9008BCE2F /* Release */ = {
			isa = XCBuildConfiguration;
			buildSettings = {
				ALWAYS_EMBED_SWIFT_STANDARD_LIBRARIES = YES;
				BUNDLE_LOADER = "$(TEST_HOST)";
				CODE_SIGN_STYLE = Automatic;
				INFOPLIST_FILE = Practica.1.View.controllersTests/Info.plist;
				LD_RUNPATH_SEARCH_PATHS = "$(inherited) @executable_path/Frameworks @loader_path/Frameworks";
				PRODUCT_BUNDLE_IDENTIFIER = "ochoa.Practica-1-View-controllersTests";
				PRODUCT_NAME = "$(TARGET_NAME)";
				SWIFT_VERSION = 4.0;
				TARGETED_DEVICE_FAMILY = "1,2";
				TEST_HOST = "$(BUILT_PRODUCTS_DIR)/Practica.1.View.controllers.app/Practica.1.View.controllers";
			};
			name = Release;
		};
		1A2CA1882225BAD9008BCE2F /* Debug */ = {
			isa = XCBuildConfiguration;
			buildSettings = {
				ALWAYS_EMBED_SWIFT_STANDARD_LIBRARIES = YES;
				CODE_SIGN_STYLE = Automatic;
				INFOPLIST_FILE = Practica.1.View.controllersUITests/Info.plist;
				LD_RUNPATH_SEARCH_PATHS = "$(inherited) @executable_path/Frameworks @loader_path/Frameworks";
				PRODUCT_BUNDLE_IDENTIFIER = "ochoa.Practica-1-View-controllersUITests";
				PRODUCT_NAME = "$(TARGET_NAME)";
				SWIFT_VERSION = 4.0;
				TARGETED_DEVICE_FAMILY = "1,2";
				TEST_TARGET_NAME = Practica.1.View.controllers;
			};
			name = Debug;
		};
		1A2CA1892225BAD9008BCE2F /* Release */ = {
			isa = XCBuildConfiguration;
			buildSettings = {
				ALWAYS_EMBED_SWIFT_STANDARD_LIBRARIES = YES;
				CODE_SIGN_STYLE = Automatic;
				INFOPLIST_FILE = Practica.1.View.controllersUITests/Info.plist;
				LD_RUNPATH_SEARCH_PATHS = "$(inherited) @executable_path/Frameworks @loader_path/Frameworks";
				PRODUCT_BUNDLE_IDENTIFIER = "ochoa.Practica-1-View-controllersUITests";
				PRODUCT_NAME = "$(TARGET_NAME)";
				SWIFT_VERSION = 4.0;
				TARGETED_DEVICE_FAMILY = "1,2";
				TEST_TARGET_NAME = Practica.1.View.controllers;
			};
			name = Release;
		};
/* End XCBuildConfiguration section */

/* Begin XCConfigurationList section */
		1A2CA1542225BAD9008BCE2F /* Build configuration list for PBXProject "Practica.1.View.controllers" */ = {
			isa = XCConfigurationList;
			buildConfigurations = (
				1A2CA17F2225BAD9008BCE2F /* Debug */,
				1A2CA1802225BAD9008BCE2F /* Release */,
			);
			defaultConfigurationIsVisible = 0;
			defaultConfigurationName = Release;
		};
		1A2CA1812225BAD9008BCE2F /* Build configuration list for PBXNativeTarget "Practica.1.View.controllers" */ = {
			isa = XCConfigurationList;
			buildConfigurations = (
				1A2CA1822225BAD9008BCE2F /* Debug */,
				1A2CA1832225BAD9008BCE2F /* Release */,
			);
			defaultConfigurationIsVisible = 0;
			defaultConfigurationName = Release;
		};
		1A2CA1842225BAD9008BCE2F /* Build configuration list for PBXNativeTarget "Practica.1.View.controllersTests" */ = {
			isa = XCConfigurationList;
			buildConfigurations = (
				1A2CA1852225BAD9008BCE2F /* Debug */,
				1A2CA1862225BAD9008BCE2F /* Release */,
			);
			defaultConfigurationIsVisible = 0;
			defaultConfigurationName = Release;
		};
		1A2CA1872225BAD9008BCE2F /* Build configuration list for PBXNativeTarget "Practica.1.View.controllersUITests" */ = {
			isa = XCConfigurationList;
			buildConfigurations = (
				1A2CA1882225BAD9008BCE2F /* Debug */,
				1A2CA1892225BAD9008BCE2F /* Release */,
			);
			defaultConfigurationIsVisible = 0;
			defaultConfigurationName = Release;
		};
/* End XCConfigurationList section */
	};
	rootObject = 1A2CA1512225BAD9008BCE2F /* Project object */;
}
